
Microsoft Visual Studio Solution File, Format Version 12.00
# Visual Studio 15
Project("{FAE04EC0-301F-11D3-BF4B-00C04F79EFBC}") = "uctas", "uctas\uctas.csproj", "{0250C75E-BE74-460D-8A6F-A51021EBBD4E}"
EndProject
Global
	GlobalSection(SolutionConfigurationPlatforms) = preSolution
		Debug|Any CPU = Debug|Any CPU
		Release|Any CPU = Release|Any CPU
	EndGlobalSection
	GlobalSection(ProjectConfigurationPlatforms) = postSolution
		{0250C75E-BE74-460D-8A6F-A51021EBBD4E}.Debug|Any CPU.ActiveCfg = Debug|Any CPU
		{0250C75E-BE74-460D-8A6F-A51021EBBD4E}.Debug|Any CPU.Build.0 = Debug|Any CPU
		{0250C75E-BE74-460D-8A6F-A51021EBBD4E}.Release|Any CPU.ActiveCfg = Release|Any CPU
		{0250C75E-BE74-460D-8A6F-A51021EBBD4E}.Release|Any CPU.Build.0 = Release|Any CPU
	EndGlobalSection
EndGlobal
